
Microsoft Visual Studio Solution File, Format Version 12.00
# Visual Studio Version 16
VisualStudioVersion = 16.0.31112.23
MinimumVisualStudioVersion = 10.0.40219.1
Project("{FAE04EC0-301F-11D3-BF4B-00C04F79EFBC}") = "ECTentti01", "ECTentti01.csproj", "{5339FBDE-2044-47B5-8001-9A6147E8C5D6}"
EndProject
Global
	GlobalSection(SolutionConfigurationPlatforms) = preSolution
		Debug|Any CPU = Debug|Any CPU
		Release|Any CPU = Release|Any CPU
	EndGlobalSection
	GlobalSection(ProjectConfigurationPlatforms) = postSolution
		{5339FBDE-2044-47B5-8001-9A6147E8C5D6}.Debug|Any CPU.ActiveCfg = Debug|Any CPU
		{5339FBDE-2044-47B5-8001-9A6147E8C5D6}.Debug|Any CPU.Build.0 = Debug|Any CPU
		{5339FBDE-2044-47B5-8001-9A6147E8C5D6}.Release|Any CPU.ActiveCfg = Release|Any CPU
		{5339FBDE-2044-47B5-8001-9A6147E8C5D6}.Release|Any CPU.Build.0 = Release|Any CPU
	EndGlobalSection
	GlobalSection(SolutionProperties) = preSolution
		HideSolutionNode = FALSE
	EndGlobalSection
	GlobalSection(ExtensibilityGlobals) = postSolution
		SolutionGuid = {EC94DFB9-85E9-45BC-B8F8-CC069630B06F}
	EndGlobalSection
EndGlobal
